
Microsoft Visual Studio Solution File, Format Version 12.00
Project("{FAE04EC0-301F-11D3-BF4B-00C04F79EFBC}") = "EndpointsSwaggerVersioning", "EndpointsSwaggerVersioning\EndpointsSwaggerVersioning.csproj", "{AD5C56F7-9222-4410-AA6C-A793DCEF7048}"
EndProject
Project("{FAE04EC0-301F-11D3-BF4B-00C04F79EFBC}") = "HealthChecksDemo", "HealthChecksDemo\HealthChecksDemo.csproj", "{62346D21-BA27-4CC9-BB70-79911782ED48}"
EndProject
Project("{2150E333-8FDC-42A3-9474-1A3956D46DE8}") = "Solution Items", "Solution Items", "{6192307C-A3FB-4C0A-9A4A-93AE78E175D5}"
	ProjectSection(SolutionItems) = preProject
		compose.yaml = compose.yaml
	EndProjectSection
EndProject
Project("{FAE04EC0-301F-11D3-BF4B-00C04F79EFBC}") = "MySimpleMediator", "MySimpleMediator\MySimpleMediator.csproj", "{5FDDD124-3E9C-489E-A886-FFD373084738}"
EndProject
Global
	GlobalSection(SolutionConfigurationPlatforms) = preSolution
		Debug|Any CPU = Debug|Any CPU
		Release|Any CPU = Release|Any CPU
	EndGlobalSection
	GlobalSection(ProjectConfigurationPlatforms) = postSolution
		{AD5C56F7-9222-4410-AA6C-A793DCEF7048}.Debug|Any CPU.ActiveCfg = Debug|Any CPU
		{AD5C56F7-9222-4410-AA6C-A793DCEF7048}.Debug|Any CPU.Build.0 = Debug|Any CPU
		{AD5C56F7-9222-4410-AA6C-A793DCEF7048}.Release|Any CPU.ActiveCfg = Release|Any CPU
		{AD5C56F7-9222-4410-AA6C-A793DCEF7048}.Release|Any CPU.Build.0 = Release|Any CPU
		{62346D21-BA27-4CC9-BB70-79911782ED48}.Debug|Any CPU.ActiveCfg = Debug|Any CPU
		{62346D21-BA27-4CC9-BB70-79911782ED48}.Debug|Any CPU.Build.0 = Debug|Any CPU
		{62346D21-BA27-4CC9-BB70-79911782ED48}.Release|Any CPU.ActiveCfg = Release|Any CPU
		{62346D21-BA27-4CC9-BB70-79911782ED48}.Release|Any CPU.Build.0 = Release|Any CPU
		{5FDDD124-3E9C-489E-A886-FFD373084738}.Debug|Any CPU.ActiveCfg = Debug|Any CPU
		{5FDDD124-3E9C-489E-A886-FFD373084738}.Debug|Any CPU.Build.0 = Debug|Any CPU
		{5FDDD124-3E9C-489E-A886-FFD373084738}.Release|Any CPU.ActiveCfg = Release|Any CPU
		{5FDDD124-3E9C-489E-A886-FFD373084738}.Release|Any CPU.Build.0 = Release|Any CPU
	EndGlobalSection
EndGlobal
